
Microsoft Visual Studio Solution File, Format Version 12.00
# Visual Studio Version 17
VisualStudioVersion = 17.7.34202.233
MinimumVisualStudioVersion = 10.0.40219.1
Project("{FAE04EC0-301F-11D3-BF4B-00C04F79EFBC}") = "hafta1ybs", "hafta1ybs\hafta1ybs.csproj", "{971365B0-D5B7-434A-9DA1-D13847FDBFBF}"
EndProject
Global
	GlobalSection(SolutionConfigurationPlatforms) = preSolution
		Debug|Any CPU = Debug|Any CPU
		Release|Any CPU = Release|Any CPU
	EndGlobalSection
	GlobalSection(ProjectConfigurationPlatforms) = postSolution
		{971365B0-D5B7-434A-9DA1-D13847FDBFBF}.Debug|Any CPU.ActiveCfg = Debug|Any CPU
		{971365B0-D5B7-434A-9DA1-D13847FDBFBF}.Debug|Any CPU.Build.0 = Debug|Any CPU
		{971365B0-D5B7-434A-9DA1-D13847FDBFBF}.Release|Any CPU.ActiveCfg = Release|Any CPU
		{971365B0-D5B7-434A-9DA1-D13847FDBFBF}.Release|Any CPU.Build.0 = Release|Any CPU
	EndGlobalSection
	GlobalSection(SolutionProperties) = preSolution
		HideSolutionNode = FALSE
	EndGlobalSection
	GlobalSection(ExtensibilityGlobals) = postSolution
		SolutionGuid = {E5F0FAC9-5F05-4556-80C4-0F7842F429D0}
	EndGlobalSection
EndGlobal
